<Solution>
  <Folder Name="/Javascript/">
    <File Path="Javascript/new_opportunity_form.js" />
    <File Path="new_OpportunityQuickCreateLogic.js" />
  </Folder>
  <Folder Name="/Plugins/">
    <Project Path="Plugins/Pl.Opportunity.QuickActivityLogger/Pl.Opportunity.QuickActivityLogger.csproj" Id="e2e752e2-7231-4dcd-b863-73e08e632ef4" />
  </Folder>
</Solution>
