<Solution>
  <Folder Name="/Consoles/">
    <Project Path="Consoles/CreateMassiveAccountsContactsOpp/CreateMassiveAccountsContactsOpp.csproj" Id="98973db5-79a2-45f3-8927-8f3457b51bc5" />
    <Project Path="Consoles/CreateMassiveOppFromLeads/CreateMassiveOppFromLeads.csproj" Id="ea273070-e35c-447e-a26f-67837dcc3bf9" />
    <Project Path="Consoles/CreateOppAndDealShell/CreateOppAndDealShell.csproj" Id="fa8e0be7-63df-4d53-971c-3593e019f7c2" />
    <Project Path="Consoles/InventoryCloning/InventoryCloning.csproj" Id="63258366-ccfe-4b8e-bb90-3d5dab55e6ce" />
    <Project Path="Consoles/InventoryRecalculator/InventoryRecalculator.csproj" Id="4a35991c-a720-4bd3-b94e-f95d6926be01" />
    <Project Path="Consoles/TrakImport/TrakImport.csproj" />
    <Project Path="Consoles/UpdateActualRevenueOpportunities/UpdateActualRevenueOpportunities.csproj" Id="81c76b95-3345-4d5c-8de7-4305b34903db" />
  </Folder>
  <Folder Name="/Javascript/">
    <File Path="Javascript/Deal.js" />
    <File Path="Javascript/Deallines.js" />
    <File Path="Javascript/new_ContractDetails.js" />
    <File Path="Javascript/new_OpportunityQuickCreateLogic.js" />
    <File Path="Javascript/new_opportunity_form.js" />
  </Folder>
  <Folder Name="/Plugins/">
    <Project Path="Plugins/Pl.ActivityPointer.SyncTicketingStageFromOpportunity/Pl.ActivityPointer.SyncTicketingStageFromOpportunity.csproj" Id="ee2a3933-8ed6-4da3-8c23-f656ba98a075" />
    <Project Path="Plugins/Pl.Deal.DealOptionAutomation/Pl.Deal.OptionAutomation.csproj" Id="d273ce37-67ce-4b74-87a4-bac9854ed64c" />
    <Project Path="Plugins/Pl.Deal.SetName/Pl.Deal.SetName.csproj" Id="19a50403-e93a-4d5b-9008-accf876c5b15" />
    <Project Path="Plugins/Pl.DealLines.InventoryManagement/Pl.DealLines.InventoryManagement.csproj" Id="391cea0f-cc65-46cf-a8a8-6e502c228db5" />
    <Project Path="Plugins/Pl.Email.SuppressInternalEmployeeEmailTracking/Pl.Email.SuppressInternalEmployeeEmailTracking.csproj" Id="3dc58efd-7312-41c5-92c1-8fa4f2fc671b" />
    <Project Path="Plugins/Pl.Inventory.TotalCalculatedField/Pl.Inventory.TotalCalculatedField.csproj" Id="08d5c846-904f-4abe-aedb-be8c6a16997e" />
    <Project Path="Plugins/Pl.Opportunity.CloneMultiYearDeals/Pl.Opportunity.CloneMultiYearDeals.csproj" Id="c659d550-9a19-4a65-aac3-8eb4859cec7e" />
    <Project Path="Plugins/Pl.Opportunity.CloseCorpPartnership/Pl.Opportunity.CloseCorpPartnership.csproj" Id="ccba0ba6-0be4-439f-a3e7-d211a4fd6c69" />
    <Project Path="Plugins/Pl.Opportunity.QuickActivityLogger/Pl.Opportunity.QuickActivityLogger.csproj" Id="e2e752e2-7231-4dcd-b863-73e08e632ef4" />
    <Project Path="Plugins/Pl.Opportunity.SetCPName/Pl.Opportunity.SetCPName.csproj" Id="443ac93e-9b1f-4c11-ad7c-5dd8d6fb59b5" />
  </Folder>
</Solution>
